{
    "name": "studioit-clockbuilder",
    "version": "2.1.4",
    "lockfileVersion": 3,
    "requires": true,
    "packages": {
        "": {
            "name": "studioit-clockbuilder",
            "version": "2.1.4",
            "license": "Apache-2.0",
            "engines": {
                "node": ">=20.0.0"
            }
        }
    }
}
